schema: '2.0'
stages:
  report:
    cmd: bash -c "cd report && latexmk article.tex -pdf"
    deps:
    - path: report/article.tex
      hash: md5
      md5: a8580e330627b16bcf421561001529e8
      size: 10572
    - path: report/structure.tex
      hash: md5
      md5: 494606fed42d18fc2b1eea902db9f644
      size: 3496
    outs:
    - path: report/article.pdf
      hash: md5
      md5: e20cfbe3ec8fb19b5a774acbe2bd68ed
      size: 162838
  sem_eval_data:
    cmd: python3 code/build_sem_eval_data.py --csv_path data/sem_eval_data.csv
    deps:
    - path: code/build_sem_eval_data.py
      hash: md5
      md5: 02a5fbd3d598557a15cd800441002d6d
      size: 5416
    - path: data/multilingual-all-words.en.xml
      hash: md5
      md5: 8688aac38e0e14e3d57162ffb0414e75
      size: 414433
    - path: data/wordnet.en.key
      hash: md5
      md5: 38f35aad3990dcb44a223ca44f25703e
      size: 64327
    outs:
    - path: data/sem_eval_data.csv
      hash: md5
      md5: 598b660cbf80612efa8f1ee157e177d8
      size: 1185298
