schema: '2.0'
stages:
  report:
    cmd: bash -c "cd report && latexmk article.tex -pdf"
    deps:
    - path: report/article.tex
      hash: md5
      md5: a8580e330627b16bcf421561001529e8
      size: 10572
    - path: report/structure.tex
      hash: md5
      md5: 494606fed42d18fc2b1eea902db9f644
      size: 3496
    outs:
    - path: report/article.pdf
      hash: md5
      md5: 26b68317cb35d3f053e5e1b9eb86fea2
      size: 162838
  sem_eval_data:
    cmd: python3 code/build_sem_eval_data.py --csv_path data/sem_eval_data.csv
    deps:
    - path: code/build_sem_eval_data.py
      hash: md5
      md5: fea63653104152d383efaf6bc62ccefd
      size: 5518
    - path: data/multilingual-all-words.en.xml
      hash: md5
      md5: 8688aac38e0e14e3d57162ffb0414e75
      size: 414433
    - path: data/wordnet.en.key
      hash: md5
      md5: 38f35aad3990dcb44a223ca44f25703e
      size: 64327
    outs:
    - path: data/sem_eval_data.csv
      hash: md5
      md5: fdaefeb5a03494064e0bc388c9f273b9
      size: 1185298
  seed_set_data:
    cmd: python3 code/build_seed_set.py --csv_path data/seed_set_data.csv
    deps:
    - path: code/build_seed_set.py
      hash: md5
      md5: 9f98c9ef7da6b7183ba829ddb1d1cf23
      size: 5050
    outs:
    - path: data/seed_set_data.csv
      hash: md5
      md5: 42bb43ad9abba3c03e315a9730fdb1f8
      size: 268308
  train_logistic_model:
    cmd: python code/train_logistic_model.py --data_path data/seed_set_data.csv --model_path
      data/logistic.joblib
    deps:
    - path: code/train_logistic_model.py
      hash: md5
      md5: 17c603bbb52bcb4604a8129f9bb749c4
      size: 5291
    - path: data/seed_set_data.csv
      hash: md5
      md5: 46a140731b08c5f145a7caf236a24d78
      size: 200057
    outs:
    - path: data/seed_examples.csv
      hash: md5
      md5: 5288ced8387dfbfc90ff50422c466844
      size: 43348
