schema: '2.0'
stages:
  download_models@llama:
    cmd: bash src/download.sh models llama
    outs:
    - path: models/llama
      hash: md5
      md5: 72221113c631bfe8e939d3c88df16217.dir
      size: 511559
      nfiles: 4
  download_models@llama-2-7b-chat:
    cmd: bash src/download.sh models llama-2-7b-chat
    outs:
    - path: models/llama-2-7b-chat
      hash: md5
      md5: 3b8e50c789f3b12896d520de9b7e4f1a.dir
      size: 13476925365
      nfiles: 3
  report:
    cmd: bash -c "cd report && latexmk article.tex -pdf"
    outs:
    - path: report/article.pdf
      hash: md5
      md5: 4e0ccd8d643c3265a357acf69d4aee3d
      size: 411934
